{
  "name": "actions-get-runtime-url",
  "version": "1.0.0",
  "lockfileVersion": 1,
  "requires": true,
  "dependencies": {
    "@actions/core": {
      "version": "1.2.3",
      "resolved": "https://registry.npmjs.org/@actions/core/-/core-1.2.3.tgz",
      "integrity": "sha512-Wp4xnyokakM45Uuj4WLUxdsa8fJjKVl1fDTsPbTEcTcuu0Nb26IPQbOtjmnfaCPGcaoPOOqId8H9NapZ8gii4w==",
      "dev": true
    },
    "@types/node": {
      "version": "13.9.3",
      "resolved": "https://registry.npmjs.org/@types/node/-/node-13.9.3.tgz",
      "integrity": "sha512-01s+ac4qerwd6RHD+mVbOEsraDHSgUaefQlEdBbUolnQFjKwCr7luvAlEwW1RFojh67u0z4OUTjPn9LEl4zIkA==",
      "dev": true
    },
    "@zeit/ncc": {
      "version": "0.21.1",
      "resolved": "https://registry.npmjs.org/@zeit/ncc/-/ncc-0.21.1.tgz",
      "integrity": "sha512-M9WzgquSOt2nsjRkYM9LRylBLmmlwNCwYbm3Up3PDEshfvdmIfqpFNSK8EJvR18NwZjGHE5z2avlDtYQx2JQnw==",
      "dev": true
    },
    "typescript": {
      "version": "3.8.3",
      "resolved": "https://registry.npmjs.org/typescript/-/typescript-3.8.3.tgz",
      "integrity": "sha512-MYlEfn5VrLNsgudQTVJeNaQFUAI7DkhnOjdpAp4T+ku1TfQClewlbSuTVHiA+8skNBgaf02TL/kLOvig4y3G8w==",
      "dev": true
    }
  }
}
